
Microsoft Visual Studio Solution File, Format Version 12.00
# Visual Studio Version 17
VisualStudioVersion = 17.0.31903.59
MinimumVisualStudioVersion = 10.0.40219.1
Project("{2150E333-8FDC-42A3-9474-1A3956D46DE8}") = "src", "src", "{0ABE72B7-1910-4C68-BE6E-5093B293DA6B}"
EndProject
Project("{F2A71F9B-5D33-465A-A702-920D77279786}") = "arc-processes2mermaid", "src\arc-processes2mermaid\arc-processes2mermaid.fsproj", "{B92521BA-9A0C-455F-B53A-4EF02D6D2504}"
EndProject
Global
	GlobalSection(SolutionConfigurationPlatforms) = preSolution
		Debug|Any CPU = Debug|Any CPU
		Release|Any CPU = Release|Any CPU
	EndGlobalSection
	GlobalSection(SolutionProperties) = preSolution
		HideSolutionNode = FALSE
	EndGlobalSection
	GlobalSection(ProjectConfigurationPlatforms) = postSolution
		{B92521BA-9A0C-455F-B53A-4EF02D6D2504}.Debug|Any CPU.ActiveCfg = Debug|Any CPU
		{B92521BA-9A0C-455F-B53A-4EF02D6D2504}.Debug|Any CPU.Build.0 = Debug|Any CPU
		{B92521BA-9A0C-455F-B53A-4EF02D6D2504}.Release|Any CPU.ActiveCfg = Release|Any CPU
		{B92521BA-9A0C-455F-B53A-4EF02D6D2504}.Release|Any CPU.Build.0 = Release|Any CPU
	EndGlobalSection
	GlobalSection(NestedProjects) = preSolution
		{B92521BA-9A0C-455F-B53A-4EF02D6D2504} = {0ABE72B7-1910-4C68-BE6E-5093B293DA6B}
	EndGlobalSection
EndGlobal
